
Microsoft Visual Studio Solution File, Format Version 12.00
# Visual Studio 2012
Project("{2857B73E-F847-4B02-9238-064979017E93}") = "autobuild", "autobuild.cproj", "{B2B094EB-300E-4590-BA48-792AEDCFF562}"
EndProject
Global
	GlobalSection(SolutionConfigurationPlatforms) = preSolution
		Debug|Any CPU = Debug|Any CPU
		Release|Any CPU = Release|Any CPU
	EndGlobalSection
	GlobalSection(ProjectConfigurationPlatforms) = postSolution
		{B2B094EB-300E-4590-BA48-792AEDCFF562}.Debug|Any CPU.ActiveCfg = Debug|Any CPU
		{B2B094EB-300E-4590-BA48-792AEDCFF562}.Debug|Any CPU.Build.0 = Debug|Any CPU
		{B2B094EB-300E-4590-BA48-792AEDCFF562}.Release|Any CPU.ActiveCfg = Release|Any CPU
		{B2B094EB-300E-4590-BA48-792AEDCFF562}.Release|Any CPU.Build.0 = Release|Any CPU
	EndGlobalSection
EndGlobal
