
Microsoft Visual Studio Solution File, Format Version 12.00
# Visual Studio 2012
Project("{2857B73E-F847-4B02-9238-064979017E93}") = "autobuild", "autobuild.cproj", "{B2B094EB-300E-4590-BA48-792AEDCFF562}"
EndProject
Global
	GlobalSection(SolutionConfigurationPlatforms) = preSolution
		Debug|x64 = Debug|x64
		Release|x64 = Release|x64
	EndGlobalSection
	GlobalSection(ProjectConfigurationPlatforms) = postSolution
		{B2B094EB-300E-4590-BA48-792AEDCFF562}.Debug|x64.ActiveCfg = Debug|x64
		{B2B094EB-300E-4590-BA48-792AEDCFF562}.Debug|x64.Build.0 = Debug|x64
		{B2B094EB-300E-4590-BA48-792AEDCFF562}.Release|x64.ActiveCfg = Release|x64
		{B2B094EB-300E-4590-BA48-792AEDCFF562}.Release|x64.Build.0 = Release|x64
	EndGlobalSection
EndGlobal
